Microsoft Visual Studio Solution File, Format Version 12.00
# Visual Studio Version 17
VisualStudioVersion = 17.5.2.0
MinimumVisualStudioVersion = 10.0.40219.1
Project("{FAE04EC0-301F-11D3-BF4B-00C04F79EFBC}") = "Support.Platform", "Support.Platform\Support.Platform.csproj", "{EB2CE025-91D9-A260-381C-30269E8D6180}"
EndProject
Global
	GlobalSection(SolutionConfigurationPlatforms) = preSolution
		Debug|Any CPU = Debug|Any CPU
		Release|Any CPU = Release|Any CPU
	EndGlobalSection
	GlobalSection(ProjectConfigurationPlatforms) = postSolution
		{EB2CE025-91D9-A260-381C-30269E8D6180}.Debug|Any CPU.ActiveCfg = Debug|Any CPU
		{EB2CE025-91D9-A260-381C-30269E8D6180}.Debug|Any CPU.Build.0 = Debug|Any CPU
		{EB2CE025-91D9-A260-381C-30269E8D6180}.Release|Any CPU.ActiveCfg = Release|Any CPU
		{EB2CE025-91D9-A260-381C-30269E8D6180}.Release|Any CPU.Build.0 = Release|Any CPU
	EndGlobalSection
	GlobalSection(SolutionProperties) = preSolution
		HideSolutionNode = FALSE
	EndGlobalSection
	GlobalSection(ExtensibilityGlobals) = postSolution
		SolutionGuid = {B7923913-73C1-4088-A815-C793A63C0DAF}
	EndGlobalSection
EndGlobal
