
Microsoft Visual Studio Solution File, Format Version 12.00
# Visual Studio Version 17
VisualStudioVersion = 17.0.31903.59
MinimumVisualStudioVersion = 10.0.40219.1
Project("{FAE04EC0-301F-11D3-BF4B-00C04F79EFBC}") = "Support.Notification.Id", "Support.Notification.Id.csproj", "{A1D461C4-2462-4A77-81EE-99577D05BBDB}"
EndProject
Project("{FAE04EC0-301F-11D3-BF4B-00C04F79EFBC}") = "Support.Notification.Client", "..\Support.Notification.Client\Support.Notification.Client.csproj", "{F89B4AB1-C3D0-4657-9A7A-1F3762237852}"
EndProject
Global
	GlobalSection(SolutionConfigurationPlatforms) = preSolution
		Debug|Any CPU = Debug|Any CPU
		Debug|x64 = Debug|x64
		Debug|x86 = Debug|x86
		Release|Any CPU = Release|Any CPU
		Release|x64 = Release|x64
		Release|x86 = Release|x86
	EndGlobalSection
	GlobalSection(ProjectConfigurationPlatforms) = postSolution
		{A1D461C4-2462-4A77-81EE-99577D05BBDB}.Debug|Any CPU.ActiveCfg = Debug|Any CPU
		{A1D461C4-2462-4A77-81EE-99577D05BBDB}.Debug|Any CPU.Build.0 = Debug|Any CPU
		{A1D461C4-2462-4A77-81EE-99577D05BBDB}.Debug|x64.ActiveCfg = Debug|Any CPU
		{A1D461C4-2462-4A77-81EE-99577D05BBDB}.Debug|x64.Build.0 = Debug|Any CPU
		{A1D461C4-2462-4A77-81EE-99577D05BBDB}.Debug|x86.ActiveCfg = Debug|Any CPU
		{A1D461C4-2462-4A77-81EE-99577D05BBDB}.Debug|x86.Build.0 = Debug|Any CPU
		{A1D461C4-2462-4A77-81EE-99577D05BBDB}.Release|Any CPU.ActiveCfg = Release|Any CPU
		{A1D461C4-2462-4A77-81EE-99577D05BBDB}.Release|Any CPU.Build.0 = Release|Any CPU
		{A1D461C4-2462-4A77-81EE-99577D05BBDB}.Release|x64.ActiveCfg = Release|Any CPU
		{A1D461C4-2462-4A77-81EE-99577D05BBDB}.Release|x64.Build.0 = Release|Any CPU
		{A1D461C4-2462-4A77-81EE-99577D05BBDB}.Release|x86.ActiveCfg = Release|Any CPU
		{A1D461C4-2462-4A77-81EE-99577D05BBDB}.Release|x86.Build.0 = Release|Any CPU
		{F89B4AB1-C3D0-4657-9A7A-1F3762237852}.Debug|Any CPU.ActiveCfg = Debug|Any CPU
		{F89B4AB1-C3D0-4657-9A7A-1F3762237852}.Debug|Any CPU.Build.0 = Debug|Any CPU
		{F89B4AB1-C3D0-4657-9A7A-1F3762237852}.Debug|x64.ActiveCfg = Debug|Any CPU
		{F89B4AB1-C3D0-4657-9A7A-1F3762237852}.Debug|x64.Build.0 = Debug|Any CPU
		{F89B4AB1-C3D0-4657-9A7A-1F3762237852}.Debug|x86.ActiveCfg = Debug|Any CPU
		{F89B4AB1-C3D0-4657-9A7A-1F3762237852}.Debug|x86.Build.0 = Debug|Any CPU
		{F89B4AB1-C3D0-4657-9A7A-1F3762237852}.Release|Any CPU.ActiveCfg = Release|Any CPU
		{F89B4AB1-C3D0-4657-9A7A-1F3762237852}.Release|Any CPU.Build.0 = Release|Any CPU
		{F89B4AB1-C3D0-4657-9A7A-1F3762237852}.Release|x64.ActiveCfg = Release|Any CPU
		{F89B4AB1-C3D0-4657-9A7A-1F3762237852}.Release|x64.Build.0 = Release|Any CPU
		{F89B4AB1-C3D0-4657-9A7A-1F3762237852}.Release|x86.ActiveCfg = Release|Any CPU
		{F89B4AB1-C3D0-4657-9A7A-1F3762237852}.Release|x86.Build.0 = Release|Any CPU
	EndGlobalSection
	GlobalSection(SolutionProperties) = preSolution
		HideSolutionNode = FALSE
	EndGlobalSection
EndGlobal
